
Microsoft Visual Studio Solution File, Format Version 12.00
# Visual Studio Version 17
VisualStudioVersion = 17.3.32922.545
MinimumVisualStudioVersion = 10.0.40219.1
Project("{2150E333-8FDC-42A3-9474-1A3956D46DE8}") = "Services", "Services", "{1A50FA0E-99D7-447E-B1B3-834DCEFB6DF7}"
EndProject
Project("{2150E333-8FDC-42A3-9474-1A3956D46DE8}") = "Catalog", "Catalog", "{555CBDDF-39A0-488A-9DF6-5B2F4873BFA7}"
EndProject
Project("{2150E333-8FDC-42A3-9474-1A3956D46DE8}") = "Solution Items", "Solution Items", "{A60778D0-F418-4A26-A4DF-60211E26A1EE}"
	ProjectSection(SolutionItems) = preProject
		Ports.txt = Ports.txt
	EndProjectSection
EndProject
Project("{2150E333-8FDC-42A3-9474-1A3956D46DE8}") = "Shared", "Shared", "{FA21E51C-5F18-47C9-B2FE-CFEA310519FA}"
EndProject
Project("{2150E333-8FDC-42A3-9474-1A3956D46DE8}") = "IdentityServer", "IdentityServer", "{89C2747F-2D45-4F9C-B4C2-68798F692E3F}"
EndProject
Project("{9A19103F-16F7-4668-BE54-9A1E7A4F7556}") = "GenericCourse.IdentityServer", "IdentityServer\GenericCourse.IdentityServer\GenericCourse.IdentityServer.csproj", "{9DA8D7CA-EF90-4918-8E87-BEBF87D8DB20}"
EndProject
Project("{2150E333-8FDC-42A3-9474-1A3956D46DE8}") = "Basket", "Basket", "{D4495009-DE65-4E92-ABB3-400AE8C4783C}"
EndProject
Project("{9A19103F-16F7-4668-BE54-9A1E7A4F7556}") = "GenericCourse.Services.Basket", "Services\Basket\GenericCourse.Services.Basket\GenericCourse.Services.Basket.csproj", "{18920CC3-CAC4-4A8B-A885-3329FDA5FF69}"
EndProject
Project("{9A19103F-16F7-4668-BE54-9A1E7A4F7556}") = "GenericCourse.Services.Catalog", "Services\Catalog\GenericCourse.Services.Catalog\GenericCourse.Services.Catalog.csproj", "{B5D02903-2142-439F-ADCD-4E616C770D78}"
EndProject
Project("{2150E333-8FDC-42A3-9474-1A3956D46DE8}") = "Discount", "Discount", "{665E9CF9-527B-4388-BCCE-DE0C58B33947}"
EndProject
Project("{9A19103F-16F7-4668-BE54-9A1E7A4F7556}") = "GenericCourse.Services.Discount", "Services\Discount\GenericCourse.Services.Discount\GenericCourse.Services.Discount.csproj", "{B32DDBA3-596F-4BB1-A321-582863B0C28F}"
EndProject
Project("{2150E333-8FDC-42A3-9474-1A3956D46DE8}") = "Order", "Order", "{19C55489-9B8A-4B9E-B634-223E0D5F5048}"
EndProject
Project("{9A19103F-16F7-4668-BE54-9A1E7A4F7556}") = "GenericCourse.Services.Order.Application", "Services\Order\GenericCourse.Services.Order.Application\GenericCourse.Services.Order.Application.csproj", "{54868EEB-97AE-40C7-8582-29C04E7395A6}"
EndProject
Project("{9A19103F-16F7-4668-BE54-9A1E7A4F7556}") = "GenericCourse.Services.Order.Domain", "Services\Order\GenericCourse.Services.Order.Domain\GenericCourse.Services.Order.Domain.csproj", "{53DC779B-A58A-4889-B749-E96CC3230FA3}"
EndProject
Project("{9A19103F-16F7-4668-BE54-9A1E7A4F7556}") = "GenericCourse.Services.Order.Core", "Services\Order\GenericCourse.Services.Order.Core\GenericCourse.Services.Order.Core.csproj", "{806D47FA-73B9-4D4C-A623-FA14D63869C8}"
EndProject
Project("{9A19103F-16F7-4668-BE54-9A1E7A4F7556}") = "GenericCourse.Services.Order.Infrastructure", "Services\Order\GenericCourse.Services.Order.Infrastructure\GenericCourse.Services.Order.Infrastructure.csproj", "{E24FF7E3-68FD-4CF5-8348-F60794AEA7BF}"
EndProject
Project("{9A19103F-16F7-4668-BE54-9A1E7A4F7556}") = "GenericCourse.Services.Order.API", "Services\Order\GenericCourse.Services.Order.API\GenericCourse.Services.Order.API.csproj", "{40D0D880-425A-40C4-84CA-A2851B3AC9CE}"
EndProject
Project("{9A19103F-16F7-4668-BE54-9A1E7A4F7556}") = "GenericCourse.Shared", "Shared\GenericCourse.Shared\GenericCourse.Shared.csproj", "{86D15E8F-AE78-46CB-A967-B2D841EC4FEA}"
EndProject
Global
	GlobalSection(SolutionConfigurationPlatforms) = preSolution
		Debug|Any CPU = Debug|Any CPU
		Release|Any CPU = Release|Any CPU
	EndGlobalSection
	GlobalSection(ProjectConfigurationPlatforms) = postSolution
		{9DA8D7CA-EF90-4918-8E87-BEBF87D8DB20}.Debug|Any CPU.ActiveCfg = Debug|Any CPU
		{9DA8D7CA-EF90-4918-8E87-BEBF87D8DB20}.Debug|Any CPU.Build.0 = Debug|Any CPU
		{9DA8D7CA-EF90-4918-8E87-BEBF87D8DB20}.Release|Any CPU.ActiveCfg = Release|Any CPU
		{9DA8D7CA-EF90-4918-8E87-BEBF87D8DB20}.Release|Any CPU.Build.0 = Release|Any CPU
		{18920CC3-CAC4-4A8B-A885-3329FDA5FF69}.Debug|Any CPU.ActiveCfg = Debug|Any CPU
		{18920CC3-CAC4-4A8B-A885-3329FDA5FF69}.Debug|Any CPU.Build.0 = Debug|Any CPU
		{18920CC3-CAC4-4A8B-A885-3329FDA5FF69}.Release|Any CPU.ActiveCfg = Release|Any CPU
		{18920CC3-CAC4-4A8B-A885-3329FDA5FF69}.Release|Any CPU.Build.0 = Release|Any CPU
		{B5D02903-2142-439F-ADCD-4E616C770D78}.Debug|Any CPU.ActiveCfg = Debug|Any CPU
		{B5D02903-2142-439F-ADCD-4E616C770D78}.Debug|Any CPU.Build.0 = Debug|Any CPU
		{B5D02903-2142-439F-ADCD-4E616C770D78}.Release|Any CPU.ActiveCfg = Release|Any CPU
		{B5D02903-2142-439F-ADCD-4E616C770D78}.Release|Any CPU.Build.0 = Release|Any CPU
		{B32DDBA3-596F-4BB1-A321-582863B0C28F}.Debug|Any CPU.ActiveCfg = Debug|Any CPU
		{B32DDBA3-596F-4BB1-A321-582863B0C28F}.Debug|Any CPU.Build.0 = Debug|Any CPU
		{B32DDBA3-596F-4BB1-A321-582863B0C28F}.Release|Any CPU.ActiveCfg = Release|Any CPU
		{B32DDBA3-596F-4BB1-A321-582863B0C28F}.Release|Any CPU.Build.0 = Release|Any CPU
		{54868EEB-97AE-40C7-8582-29C04E7395A6}.Debug|Any CPU.ActiveCfg = Debug|Any CPU
		{54868EEB-97AE-40C7-8582-29C04E7395A6}.Debug|Any CPU.Build.0 = Debug|Any CPU
		{54868EEB-97AE-40C7-8582-29C04E7395A6}.Release|Any CPU.ActiveCfg = Release|Any CPU
		{54868EEB-97AE-40C7-8582-29C04E7395A6}.Release|Any CPU.Build.0 = Release|Any CPU
		{53DC779B-A58A-4889-B749-E96CC3230FA3}.Debug|Any CPU.ActiveCfg = Debug|Any CPU
		{53DC779B-A58A-4889-B749-E96CC3230FA3}.Debug|Any CPU.Build.0 = Debug|Any CPU
		{53DC779B-A58A-4889-B749-E96CC3230FA3}.Release|Any CPU.ActiveCfg = Release|Any CPU
		{53DC779B-A58A-4889-B749-E96CC3230FA3}.Release|Any CPU.Build.0 = Release|Any CPU
		{806D47FA-73B9-4D4C-A623-FA14D63869C8}.Debug|Any CPU.ActiveCfg = Debug|Any CPU
		{806D47FA-73B9-4D4C-A623-FA14D63869C8}.Debug|Any CPU.Build.0 = Debug|Any CPU
		{806D47FA-73B9-4D4C-A623-FA14D63869C8}.Release|Any CPU.ActiveCfg = Release|Any CPU
		{806D47FA-73B9-4D4C-A623-FA14D63869C8}.Release|Any CPU.Build.0 = Release|Any CPU
		{E24FF7E3-68FD-4CF5-8348-F60794AEA7BF}.Debug|Any CPU.ActiveCfg = Debug|Any CPU
		{E24FF7E3-68FD-4CF5-8348-F60794AEA7BF}.Debug|Any CPU.Build.0 = Debug|Any CPU
		{E24FF7E3-68FD-4CF5-8348-F60794AEA7BF}.Release|Any CPU.ActiveCfg = Release|Any CPU
		{E24FF7E3-68FD-4CF5-8348-F60794AEA7BF}.Release|Any CPU.Build.0 = Release|Any CPU
		{40D0D880-425A-40C4-84CA-A2851B3AC9CE}.Debug|Any CPU.ActiveCfg = Debug|Any CPU
		{40D0D880-425A-40C4-84CA-A2851B3AC9CE}.Debug|Any CPU.Build.0 = Debug|Any CPU
		{40D0D880-425A-40C4-84CA-A2851B3AC9CE}.Release|Any CPU.ActiveCfg = Release|Any CPU
		{40D0D880-425A-40C4-84CA-A2851B3AC9CE}.Release|Any CPU.Build.0 = Release|Any CPU
		{86D15E8F-AE78-46CB-A967-B2D841EC4FEA}.Debug|Any CPU.ActiveCfg = Debug|Any CPU
		{86D15E8F-AE78-46CB-A967-B2D841EC4FEA}.Debug|Any CPU.Build.0 = Debug|Any CPU
		{86D15E8F-AE78-46CB-A967-B2D841EC4FEA}.Release|Any CPU.ActiveCfg = Release|Any CPU
		{86D15E8F-AE78-46CB-A967-B2D841EC4FEA}.Release|Any CPU.Build.0 = Release|Any CPU
	EndGlobalSection
	GlobalSection(SolutionProperties) = preSolution
		HideSolutionNode = FALSE
	EndGlobalSection
	GlobalSection(NestedProjects) = preSolution
		{555CBDDF-39A0-488A-9DF6-5B2F4873BFA7} = {1A50FA0E-99D7-447E-B1B3-834DCEFB6DF7}
		{9DA8D7CA-EF90-4918-8E87-BEBF87D8DB20} = {89C2747F-2D45-4F9C-B4C2-68798F692E3F}
		{D4495009-DE65-4E92-ABB3-400AE8C4783C} = {1A50FA0E-99D7-447E-B1B3-834DCEFB6DF7}
		{18920CC3-CAC4-4A8B-A885-3329FDA5FF69} = {D4495009-DE65-4E92-ABB3-400AE8C4783C}
		{B5D02903-2142-439F-ADCD-4E616C770D78} = {555CBDDF-39A0-488A-9DF6-5B2F4873BFA7}
		{665E9CF9-527B-4388-BCCE-DE0C58B33947} = {1A50FA0E-99D7-447E-B1B3-834DCEFB6DF7}
		{B32DDBA3-596F-4BB1-A321-582863B0C28F} = {665E9CF9-527B-4388-BCCE-DE0C58B33947}
		{19C55489-9B8A-4B9E-B634-223E0D5F5048} = {1A50FA0E-99D7-447E-B1B3-834DCEFB6DF7}
		{54868EEB-97AE-40C7-8582-29C04E7395A6} = {19C55489-9B8A-4B9E-B634-223E0D5F5048}
		{53DC779B-A58A-4889-B749-E96CC3230FA3} = {19C55489-9B8A-4B9E-B634-223E0D5F5048}
		{806D47FA-73B9-4D4C-A623-FA14D63869C8} = {19C55489-9B8A-4B9E-B634-223E0D5F5048}
		{E24FF7E3-68FD-4CF5-8348-F60794AEA7BF} = {19C55489-9B8A-4B9E-B634-223E0D5F5048}
		{40D0D880-425A-40C4-84CA-A2851B3AC9CE} = {19C55489-9B8A-4B9E-B634-223E0D5F5048}
		{86D15E8F-AE78-46CB-A967-B2D841EC4FEA} = {FA21E51C-5F18-47C9-B2FE-CFEA310519FA}
	EndGlobalSection
	GlobalSection(ExtensibilityGlobals) = postSolution
		SolutionGuid = {BCBC2ECF-870C-483F-B7B7-345E199ED5AE}
	EndGlobalSection
EndGlobal
